// !$*UTF8*$!
{
	archiveVersion = 1;
	classes = {
	};
	objectVersion = 56;
	objects = {

/* Begin PBXBuildFile section */
		BEC2163E2A2BAD4D001225F9 /* AppDelegate.swift in Sources */ = {isa = PBXBuildFile; fileRef = BEC2163D2A2BAD4D001225F9 /* AppDelegate.swift */; };
		BEC216402A2BAD4D001225F9 /* SceneDelegate.swift in Sources */ = {isa = PBXBuildFile; fileRef = BEC2163F2A2BAD4D001225F9 /* SceneDelegate.swift */; };
		BEC216422A2BAD4D001225F9 /* ViewController.swift in Sources */ = {isa = PBXBuildFile; fileRef = BEC216412A2BAD4D001225F9 /* ViewController.swift */; };
		BEC216452A2BAD4D001225F9 /* Main.storyboard in Resources */ = {isa = PBXBuildFile; fileRef = BEC216432A2BAD4D001225F9 /* Main.storyboard */; };
		BEC216472A2BAD50001225F9 /* Assets.xcassets in Resources */ = {isa = PBXBuildFile; fileRef = BEC216462A2BAD50001225F9 /* Assets.xcassets */; };
		BEC2164A2A2BAD50001225F9 /* LaunchScreen.storyboard in Resources */ = {isa = PBXBuildFile; fileRef = BEC216482A2BAD50001225F9 /* LaunchScreen.storyboard */; };
		BEC216552A2BAD51001225F9 /* ButtontestprojectTests.swift in Sources */ = {isa = PBXBuildFile; fileRef = BEC216542A2BAD51001225F9 /* ButtontestprojectTests.swift */; };
		BEC2165F2A2BAD51001225F9 /* ButtontestprojectUITests.swift in Sources */ = {isa = PBXBuildFile; fileRef = BEC2165E2A2BAD51001225F9 /* ButtontestprojectUITests.swift */; };
		BEC216612A2BAD51001225F9 /* ButtontestprojectUITestsLaunchTests.swift in Sources */ = {isa = PBXBuildFile; fileRef = BEC216602A2BAD51001225F9 /* ButtontestprojectUITestsLaunchTests.swift */; };
		BEC2166E2A2BAFC4001225F9 /* homevc.swift in Sources */ = {isa = PBXBuildFile; fileRef = BEC2166D2A2BAFC4001225F9 /* homevc.swift */; };
		BEC216702A2BB5D4001225F9 /* User.swift in Sources */ = {isa = PBXBuildFile; fileRef = BEC2166F2A2BB5D4001225F9 /* User.swift */; };
/* End PBXBuildFile section */

/* Begin PBXContainerItemProxy section */
		BEC216512A2BAD51001225F9 /* PBXContainerItemProxy */ = {
			isa = PBXContainerItemProxy;
			containerPortal = BEC216322A2BAD4D001225F9 /* Project object */;
			proxyType = 1;
			remoteGlobalIDString = BEC216392A2BAD4D001225F9;
			remoteInfo = Buttontestproject;
		};
		BEC2165B2A2BAD51001225F9 /* PBXContainerItemProxy */ = {
			isa = PBXContainerItemProxy;
			containerPortal = BEC216322A2BAD4D001225F9 /* Project object */;
			proxyType = 1;
			remoteGlobalIDString = BEC216392A2BAD4D001225F9;
			remoteInfo = Buttontestproject;
		};
/* End PBXContainerItemProxy section */

/* Begin PBXFileReference section */
		BEC2163A2A2BAD4D001225F9 /* Buttontestproject.app */ = {isa = PBXFileReference; explicitFileType = wrapper.application; includeInIndex = 0; path = Buttontestproject.app; sourceTree = BUILT_PRODUCTS_DIR; };
		BEC2163D2A2BAD4D001225F9 /* AppDelegate.swift */ = {isa = PBXFileReference; lastKnownFileType = sourcecode.swift; path = AppDelegate.swift; sourceTree = "<group>"; };
		BEC2163F2A2BAD4D001225F9 /* SceneDelegate.swift */ = {isa = PBXFileReference; lastKnownFileType = sourcecode.swift; path = SceneDelegate.swift; sourceTree = "<group>"; };
		BEC216412A2BAD4D001225F9 /* ViewController.swift */ = {isa = PBXFileReference; lastKnownFileType = sourcecode.swift; path = ViewController.swift; sourceTree = "<group>"; };
		BEC216442A2BAD4D001225F9 /* Base */ = {isa = PBXFileReference; lastKnownFileType = file.storyboard; name = Base; path = Base.lproj/Main.storyboard; sourceTree = "<group>"; };
		BEC216462A2BAD50001225F9 /* Assets.xcassets */ = {isa = PBXFileReference; lastKnownFileType = folder.assetcatalog; path = Assets.xcassets; sourceTree = "<group>"; };
		BEC216492A2BAD50001225F9 /* Base */ = {isa = PBXFileReference; lastKnownFileType = file.storyboard; name = Base; path = Base.lproj/LaunchScreen.storyboard; sourceTree = "<group>"; };
		BEC2164B2A2BAD50001225F9 /* Info.plist */ = {isa = PBXFileReference; lastKnownFileType = text.plist.xml; path = Info.plist; sourceTree = "<group>"; };
		BEC216502A2BAD51001225F9 /* ButtontestprojectTests.xctest */ = {isa = PBXFileReference; explicitFileType = wrapper.cfbundle; includeInIndex = 0; path = ButtontestprojectTests.xctest; sourceTree = BUILT_PRODUCTS_DIR; };
		BEC216542A2BAD51001225F9 /* ButtontestprojectTests.swift */ = {isa = PBXFileReference; lastKnownFileType = sourcecode.swift; path = ButtontestprojectTests.swift; sourceTree = "<group>"; };
		BEC2165A2A2BAD51001225F9 /* ButtontestprojectUITests.xctest */ = {isa = PBXFileReference; explicitFileType = wrapper.cfbundle; includeInIndex = 0; path = ButtontestprojectUITests.xctest; sourceTree = BUILT_PRODUCTS_DIR; };
		BEC2165E2A2BAD51001225F9 /* ButtontestprojectUITests.swift */ = {isa = PBXFileReference; lastKnownFileType = sourcecode.swift; path = ButtontestprojectUITests.swift; sourceTree = "<group>"; };
		BEC216602A2BAD51001225F9 /* ButtontestprojectUITestsLaunchTests.swift */ = {isa = PBXFileReference; lastKnownFileType = sourcecode.swift; path = ButtontestprojectUITestsLaunchTests.swift; sourceTree = "<group>"; };
		BEC2166D2A2BAFC4001225F9 /* homevc.swift */ = {isa = PBXFileReference; lastKnownFileType = sourcecode.swift; path = homevc.swift; sourceTree = "<group>"; };
		BEC2166F2A2BB5D4001225F9 /* User.swift */ = {isa = PBXFileReference; lastKnownFileType = sourcecode.swift; path = User.swift; sourceTree = "<group>"; };
/* End PBXFileReference section */

/* Begin PBXFrameworksBuildPhase section */
		BEC216372A2BAD4D001225F9 /* Frameworks */ = {
			isa = PBXFrameworksBuildPhase;
			buildActionMask = 2147483647;
			files = (
			);
			runOnlyForDeploymentPostprocessing = 0;
		};
		BEC2164D2A2BAD51001225F9 /* Frameworks */ = {
			isa = PBXFrameworksBuildPhase;
			buildActionMask = 2147483647;
			files = (
			);
			runOnlyForDeploymentPostprocessing = 0;
		};
		BEC216572A2BAD51001225F9 /* Frameworks */ = {
			isa = PBXFrameworksBuildPhase;
			buildActionMask = 2147483647;
			files = (
			);
			runOnlyForDeploymentPostprocessing = 0;
		};
/* End PBXFrameworksBuildPhase section */

/* Begin PBXGroup section */
		BEC216312A2BAD4D001225F9 = {
			isa = PBXGroup;
			children = (
				BEC2163C2A2BAD4D001225F9 /* Buttontestproject */,
				BEC216532A2BAD51001225F9 /* ButtontestprojectTests */,
				BEC2165D2A2BAD51001225F9 /* ButtontestprojectUITests */,
				BEC2163B2A2BAD4D001225F9 /* Products */,
			);
			sourceTree = "<group>";
		};
		BEC2163B2A2BAD4D001225F9 /* Products */ = {
			isa = PBXGroup;
			children = (
				BEC2163A2A2BAD4D001225F9 /* Buttontestproject.app */,
				BEC216502A2BAD51001225F9 /* ButtontestprojectTests.xctest */,
				BEC2165A2A2BAD51001225F9 /* ButtontestprojectUITests.xctest */,
			);
			name = Products;
			sourceTree = "<group>";
		};
		BEC2163C2A2BAD4D001225F9 /* Buttontestproject */ = {
			isa = PBXGroup;
			children = (
				BEC2163D2A2BAD4D001225F9 /* AppDelegate.swift */,
				BEC2163F2A2BAD4D001225F9 /* SceneDelegate.swift */,
				BEC216412A2BAD4D001225F9 /* ViewController.swift */,
				BEC2166F2A2BB5D4001225F9 /* User.swift */,
				BEC216432A2BAD4D001225F9 /* Main.storyboard */,
				BEC2166D2A2BAFC4001225F9 /* homevc.swift */,
				BEC216462A2BAD50001225F9 /* Assets.xcassets */,
				BEC216482A2BAD50001225F9 /* LaunchScreen.storyboard */,
				BEC2164B2A2BAD50001225F9 /* Info.plist */,
			);
			path = Buttontestproject;
			sourceTree = "<group>";
		};
		BEC216532A2BAD51001225F9 /* ButtontestprojectTests */ = {
			isa = PBXGroup;
			children = (
				BEC216542A2BAD51001225F9 /* ButtontestprojectTests.swift */,
			);
			path = ButtontestprojectTests;
			sourceTree = "<group>";
		};
		BEC2165D2A2BAD51001225F9 /* ButtontestprojectUITests */ = {
			isa = PBXGroup;
			children = (
				BEC2165E2A2BAD51001225F9 /* ButtontestprojectUITests.swift */,
				BEC216602A2BAD51001225F9 /* ButtontestprojectUITestsLaunchTests.swift */,
			);
			path = ButtontestprojectUITests;
			sourceTree = "<group>";
		};
/* End PBXGroup section */

/* Begin PBXNativeTarget section */
		BEC216392A2BAD4D001225F9 /* Buttontestproject */ = {
			isa = PBXNativeTarget;
			buildConfigurationList = BEC216642A2BAD51001225F9 /* Build configuration list for PBXNativeTarget "Buttontestproject" */;
			buildPhases = (
				BEC216362A2BAD4D001225F9 /* Sources */,
				BEC216372A2BAD4D001225F9 /* Frameworks */,
				BEC216382A2BAD4D001225F9 /* Resources */,
			);
			buildRules = (
			);
			dependencies = (
			);
			name = Buttontestproject;
			productName = Buttontestproject;
			productReference = BEC2163A2A2BAD4D001225F9 /* Buttontestproject.app */;
			productType = "com.apple.product-type.application";
		};
		BEC2164F2A2BAD51001225F9 /* ButtontestprojectTests */ = {
			isa = PBXNativeTarget;
			buildConfigurationList = BEC216672A2BAD51001225F9 /* Build configuration list for PBXNativeTarget "ButtontestprojectTests" */;
			buildPhases = (
				BEC2164C2A2BAD51001225F9 /* Sources */,
				BEC2164D2A2BAD51001225F9 /* Frameworks */,
				BEC2164E2A2BAD51001225F9 /* Resources */,
			);
			buildRules = (
			);
			dependencies = (
				BEC216522A2BAD51001225F9 /* PBXTargetDependency */,
			);
			name = ButtontestprojectTests;
			productName = ButtontestprojectTests;
			productReference = BEC216502A2BAD51001225F9 /* ButtontestprojectTests.xctest */;
			productType = "com.apple.product-type.bundle.unit-test";
		};
		BEC216592A2BAD51001225F9 /* ButtontestprojectUITests */ = {
			isa = PBXNativeTarget;
			buildConfigurationList = BEC2166A2A2BAD51001225F9 /* Build configuration list for PBXNativeTarget "ButtontestprojectUITests" */;
			buildPhases = (
				BEC216562A2BAD51001225F9 /* Sources */,
				BEC216572A2BAD51001225F9 /* Frameworks */,
				BEC216582A2BAD51001225F9 /* Resources */,
			);
			buildRules = (
			);
			dependencies = (
				BEC2165C2A2BAD51001225F9 /* PBXTargetDependency */,
			);
			name = ButtontestprojectUITests;
			productName = ButtontestprojectUITests;
			productReference = BEC2165A2A2BAD51001225F9 /* ButtontestprojectUITests.xctest */;
			productType = "com.apple.product-type.bundle.ui-testing";
		};
/* End PBXNativeTarget section */

/* Begin PBXProject section */
		BEC216322A2BAD4D001225F9 /* Project object */ = {
			isa = PBXProject;
			attributes = {
				BuildIndependentTargetsInParallel = 1;
				LastSwiftUpdateCheck = 1420;
				LastUpgradeCheck = 1420;
				TargetAttributes = {
					BEC216392A2BAD4D001225F9 = {
						CreatedOnToolsVersion = 14.2;
					};
					BEC2164F2A2BAD51001225F9 = {
						CreatedOnToolsVersion = 14.2;
						TestTargetID = BEC216392A2BAD4D001225F9;
					};
					BEC216592A2BAD51001225F9 = {
						CreatedOnToolsVersion = 14.2;
						TestTargetID = BEC216392A2BAD4D001225F9;
					};
				};
			};
			buildConfigurationList = BEC216352A2BAD4D001225F9 /* Build configuration list for PBXProject "Buttontestproject" */;
			compatibilityVersion = "Xcode 14.0";
			developmentRegion = en;
			hasScannedForEncodings = 0;
			knownRegions = (
				en,
				Base,
			);
			mainGroup = BEC216312A2BAD4D001225F9;
			productRefGroup = BEC2163B2A2BAD4D001225F9 /* Products */;
			projectDirPath = "";
			projectRoot = "";
			targets = (
				BEC216392A2BAD4D001225F9 /* Buttontestproject */,
				BEC2164F2A2BAD51001225F9 /* ButtontestprojectTests */,
				BEC216592A2BAD51001225F9 /* ButtontestprojectUITests */,
			);
		};
/* End PBXProject section */

/* Begin PBXResourcesBuildPhase section */
		BEC216382A2BAD4D001225F9 /* Resources */ = {
			isa = PBXResourcesBuildPhase;
			buildActionMask = 2147483647;
			files = (
				BEC2164A2A2BAD50001225F9 /* LaunchScreen.storyboard in Resources */,
				BEC216472A2BAD50001225F9 /* Assets.xcassets in Resources */,
				BEC216452A2BAD4D001225F9 /* Main.storyboard in Resources */,
			);
			runOnlyForDeploymentPostprocessing = 0;
		};
		BEC2164E2A2BAD51001225F9 /* Resources */ = {
			isa = PBXResourcesBuildPhase;
			buildActionMask = 2147483647;
			files = (
			);
			runOnlyForDeploymentPostprocessing = 0;
		};
		BEC216582A2BAD51001225F9 /* Resources */ = {
			isa = PBXResourcesBuildPhase;
			buildActionMask = 2147483647;
			files = (
			);
			runOnlyForDeploymentPostprocessing = 0;
		};
/* End PBXResourcesBuildPhase section */

/* Begin PBXSourcesBuildPhase section */
		BEC216362A2BAD4D001225F9 /* Sources */ = {
			isa = PBXSourcesBuildPhase;
			buildActionMask = 2147483647;
			files = (
				BEC216422A2BAD4D001225F9 /* ViewController.swift in Sources */,
				BEC2166E2A2BAFC4001225F9 /* homevc.swift in Sources */,
				BEC2163E2A2BAD4D001225F9 /* AppDelegate.swift in Sources */,
				BEC216702A2BB5D4001225F9 /* User.swift in Sources */,
				BEC216402A2BAD4D001225F9 /* SceneDelegate.swift in Sources */,
			);
			runOnlyForDeploymentPostprocessing = 0;
		};
		BEC2164C2A2BAD51001225F9 /* Sources */ = {
			isa = PBXSourcesBuildPhase;
			buildActionMask = 2147483647;
			files = (
				BEC216552A2BAD51001225F9 /* ButtontestprojectTests.swift in Sources */,
			);
			runOnlyForDeploymentPostprocessing = 0;
		};
		BEC216562A2BAD51001225F9 /* Sources */ = {
			isa = PBXSourcesBuildPhase;
			buildActionMask = 2147483647;
			files = (
				BEC216612A2BAD51001225F9 /* ButtontestprojectUITestsLaunchTests.swift in Sources */,
				BEC2165F2A2BAD51001225F9 /* ButtontestprojectUITests.swift in Sources */,
			);
			runOnlyForDeploymentPostprocessing = 0;
		};
/* End PBXSourcesBuildPhase section */

/* Begin PBXTargetDependency section */
		BEC216522A2BAD51001225F9 /* PBXTargetDependency */ = {
			isa = PBXTargetDependency;
			target = BEC216392A2BAD4D001225F9 /* Buttontestproject */;
			targetProxy = BEC216512A2BAD51001225F9 /* PBXContainerItemProxy */;
		};
		BEC2165C2A2BAD51001225F9 /* PBXTargetDependency */ = {
			isa = PBXTargetDependency;
			target = BEC216392A2BAD4D001225F9 /* Buttontestproject */;
			targetProxy = BEC2165B2A2BAD51001225F9 /* PBXContainerItemProxy */;
		};
/* End PBXTargetDependency section */

/* Begin PBXVariantGroup section */
		BEC216432A2BAD4D001225F9 /* Main.storyboard */ = {
			isa = PBXVariantGroup;
			children = (
				BEC216442A2BAD4D001225F9 /* Base */,
			);
			name = Main.storyboard;
			sourceTree = "<group>";
		};
		BEC216482A2BAD50001225F9 /* LaunchScreen.storyboard */ = {
			isa = PBXVariantGroup;
			children = (
				BEC216492A2BAD50001225F9 /* Base */,
			);
			name = LaunchScreen.storyboard;
			sourceTree = "<group>";
		};
/* End PBXVariantGroup section */

/* Begin XCBuildConfiguration section */
		BEC216622A2BAD51001225F9 /* Debug */ = {
			isa = XCBuildConfiguration;
			buildSettings = {
				ALWAYS_SEARCH_USER_PATHS = NO;
				CLANG_ANALYZER_NONNULL = YES;
				CLANG_ANALYZER_NUMBER_OBJECT_CONVERSION = YES_AGGRESSIVE;
				CLANG_CXX_LANGUAGE_STANDARD = "gnu++20";
				CLANG_ENABLE_MODULES = YES;
				CLANG_ENABLE_OBJC_ARC = YES;
				CLANG_ENABLE_OBJC_WEAK = YES;
				CLANG_WARN_BLOCK_CAPTURE_AUTORELEASING = YES;
				CLANG_WARN_BOOL_CONVERSION = YES;
				CLANG_WARN_COMMA = YES;
				CLANG_WARN_CONSTANT_CONVERSION = YES;
				CLANG_WARN_DEPRECATED_OBJC_IMPLEMENTATIONS = YES;
				CLANG_WARN_DIRECT_OBJC_ISA_USAGE = YES_ERROR;
				CLANG_WARN_DOCUMENTATION_COMMENTS = YES;
				CLANG_WARN_EMPTY_BODY = YES;
				CLANG_WARN_ENUM_CONVERSION = YES;
				CLANG_WARN_INFINITE_RECURSION = YES;
				CLANG_WARN_INT_CONVERSION = YES;
				CLANG_WARN_NON_LITERAL_NULL_CONVERSION = YES;
				CLANG_WARN_OBJC_IMPLICIT_RETAIN_SELF = YES;
				CLANG_WARN_OBJC_LITERAL_CONVERSION = YES;
				CLANG_WARN_OBJC_ROOT_CLASS = YES_ERROR;
				CLANG_WARN_QUOTED_INCLUDE_IN_FRAMEWORK_HEADER = YES;
				CLANG_WARN_RANGE_LOOP_ANALYSIS = YES;
				CLANG_WARN_STRICT_PROTOTYPES = YES;
				CLANG_WARN_SUSPICIOUS_MOVE = YES;
				CLANG_WARN_UNGUARDED_AVAILABILITY = YES_AGGRESSIVE;
				CLANG_WARN_UNREACHABLE_CODE = YES;
				CLANG_WARN__DUPLICATE_METHOD_MATCH = YES;
				COPY_PHASE_STRIP = NO;
				DEBUG_INFORMATION_FORMAT = dwarf;
				ENABLE_STRICT_OBJC_MSGSEND = YES;
				ENABLE_TESTABILITY = YES;
				GCC_C_LANGUAGE_STANDARD = gnu11;
				GCC_DYNAMIC_NO_PIC = NO;
				GCC_NO_COMMON_BLOCKS = YES;
				GCC_OPTIMIZATION_LEVEL = 0;
				GCC_PREPROCESSOR_DEFINITIONS = (
					"DEBUG=1",
					"$(inherited)",
				);
				GCC_WARN_64_TO_32_BIT_CONVERSION = YES;
				GCC_WARN_ABOUT_RETURN_TYPE = YES_ERROR;
				GCC_WARN_UNDECLARED_SELECTOR = YES;
				GCC_WARN_UNINITIALIZED_AUTOS = YES_AGGRESSIVE;
				GCC_WARN_UNUSED_FUNCTION = YES;
				GCC_WARN_UNUSED_VARIABLE = YES;
				IPHONEOS_DEPLOYMENT_TARGET = 16.2;
				MTL_ENABLE_DEBUG_INFO = INCLUDE_SOURCE;
				MTL_FAST_MATH = YES;
				ONLY_ACTIVE_ARCH = YES;
				SDKROOT = iphoneos;
				SWIFT_ACTIVE_COMPILATION_CONDITIONS = DEBUG;
				SWIFT_OPTIMIZATION_LEVEL = "-Onone";
			};
			name = Debug;
		};
		BEC216632A2BAD51001225F9 /* Release */ = {
			isa = XCBuildConfiguration;
			buildSettings = {
				ALWAYS_SEARCH_USER_PATHS = NO;
				CLANG_ANALYZER_NONNULL = YES;
				CLANG_ANALYZER_NUMBER_OBJECT_CONVERSION = YES_AGGRESSIVE;
				CLANG_CXX_LANGUAGE_STANDARD = "gnu++20";
				CLANG_ENABLE_MODULES = YES;
				CLANG_ENABLE_OBJC_ARC = YES;
				CLANG_ENABLE_OBJC_WEAK = YES;
				CLANG_WARN_BLOCK_CAPTURE_AUTORELEASING = YES;
				CLANG_WARN_BOOL_CONVERSION = YES;
				CLANG_WARN_COMMA = YES;
				CLANG_WARN_CONSTANT_CONVERSION = YES;
				CLANG_WARN_DEPRECATED_OBJC_IMPLEMENTATIONS = YES;
				CLANG_WARN_DIRECT_OBJC_ISA_USAGE = YES_ERROR;
				CLANG_WARN_DOCUMENTATION_COMMENTS = YES;
				CLANG_WARN_EMPTY_BODY = YES;
				CLANG_WARN_ENUM_CONVERSION = YES;
				CLANG_WARN_INFINITE_RECURSION = YES;
				CLANG_WARN_INT_CONVERSION = YES;
				CLANG_WARN_NON_LITERAL_NULL_CONVERSION = YES;
				CLANG_WARN_OBJC_IMPLICIT_RETAIN_SELF = YES;
				CLANG_WARN_OBJC_LITERAL_CONVERSION = YES;
				CLANG_WARN_OBJC_ROOT_CLASS = YES_ERROR;
				CLANG_WARN_QUOTED_INCLUDE_IN_FRAMEWORK_HEADER = YES;
				CLANG_WARN_RANGE_LOOP_ANALYSIS = YES;
				CLANG_WARN_STRICT_PROTOTYPES = YES;
				CLANG_WARN_SUSPICIOUS_MOVE = YES;
				CLANG_WARN_UNGUARDED_AVAILABILITY = YES_AGGRESSIVE;
				CLANG_WARN_UNREACHABLE_CODE = YES;
				CLANG_WARN__DUPLICATE_METHOD_MATCH = YES;
				COPY_PHASE_STRIP = NO;
				DEBUG_INFORMATION_FORMAT = "dwarf-with-dsym";
				ENABLE_NS_ASSERTIONS = NO;
				ENABLE_STRICT_OBJC_MSGSEND = YES;
				GCC_C_LANGUAGE_STANDARD = gnu11;
				GCC_NO_COMMON_BLOCKS = YES;
				GCC_WARN_64_TO_32_BIT_CONVERSION = YES;
				GCC_WARN_ABOUT_RETURN_TYPE = YES_ERROR;
				GCC_WARN_UNDECLARED_SELECTOR = YES;
				GCC_WARN_UNINITIALIZED_AUTOS = YES_AGGRESSIVE;
				GCC_WARN_UNUSED_FUNCTION = YES;
				GCC_WARN_UNUSED_VARIABLE = YES;
				IPHONEOS_DEPLOYMENT_TARGET = 16.2;
				MTL_ENABLE_DEBUG_INFO = NO;
				MTL_FAST_MATH = YES;
				SDKROOT = iphoneos;
				SWIFT_COMPILATION_MODE = wholemodule;
				SWIFT_OPTIMIZATION_LEVEL = "-O";
				VALIDATE_PRODUCT = YES;
			};
			name = Release;
		};
		BEC216652A2BAD51001225F9 /* Debug */ = {
			isa = XCBuildConfiguration;
			buildSettings = {
				ASSETCATALOG_COMPILER_APPICON_NAME = AppIcon;
				ASSETCATALOG_COMPILER_GLOBAL_ACCENT_COLOR_NAME = AccentColor;
				CODE_SIGN_STYLE = Automatic;
				CURRENT_PROJECT_VERSION = 1;
				GENERATE_INFOPLIST_FILE = YES;
				INFOPLIST_FILE = Buttontestproject/Info.plist;
				INFOPLIST_KEY_UIApplicationSupportsIndirectInputEvents = YES;
				INFOPLIST_KEY_UILaunchStoryboardName = LaunchScreen;
				INFOPLIST_KEY_UIMainStoryboardFile = Main;
				INFOPLIST_KEY_UISupportedInterfaceOrientations_iPad = "UIInterfaceOrientationPortrait UIInterfaceOrientationPortraitUpsideDown UIInterfaceOrientationLandscapeLeft UIInterfaceOrientationLandscapeRight";
				INFOPLIST_KEY_UISupportedInterfaceOrientations_iPhone = "UIInterfaceOrientationPortrait UIInterfaceOrientationLandscapeLeft UIInterfaceOrientationLandscapeRight";
				LD_RUNPATH_SEARCH_PATHS = (
					"$(inherited)",
					"@executable_path/Frameworks",
				);
				MARKETING_VERSION = 1.0;
				PRODUCT_BUNDLE_IDENTIFIER = hakan.Buttontestproject;
				PRODUCT_NAME = "$(TARGET_NAME)";
				SWIFT_EMIT_LOC_STRINGS = YES;
				SWIFT_VERSION = 5.0;
				TARGETED_DEVICE_FAMILY = "1,2";
			};
			name = Debug;
		};
		BEC216662A2BAD51001225F9 /* Release */ = {
			isa = XCBuildConfiguration;
			buildSettings = {
				ASSETCATALOG_COMPILER_APPICON_NAME = AppIcon;
				ASSETCATALOG_COMPILER_GLOBAL_ACCENT_COLOR_NAME = AccentColor;
				CODE_SIGN_STYLE = Automatic;
				CURRENT_PROJECT_VERSION = 1;
				GENERATE_INFOPLIST_FILE = YES;
				INFOPLIST_FILE = Buttontestproject/Info.plist;
				INFOPLIST_KEY_UIApplicationSupportsIndirectInputEvents = YES;
				INFOPLIST_KEY_UILaunchStoryboardName = LaunchScreen;
				INFOPLIST_KEY_UIMainStoryboardFile = Main;
				INFOPLIST_KEY_UISupportedInterfaceOrientations_iPad = "UIInterfaceOrientationPortrait UIInterfaceOrientationPortraitUpsideDown UIInterfaceOrientationLandscapeLeft UIInterfaceOrientationLandscapeRight";
				INFOPLIST_KEY_UISupportedInterfaceOrientations_iPhone = "UIInterfaceOrientationPortrait UIInterfaceOrientationLandscapeLeft UIInterfaceOrientationLandscapeRight";
				LD_RUNPATH_SEARCH_PATHS = (
					"$(inherited)",
					"@executable_path/Frameworks",
				);
				MARKETING_VERSION = 1.0;
				PRODUCT_BUNDLE_IDENTIFIER = hakan.Buttontestproject;
				PRODUCT_NAME = "$(TARGET_NAME)";
				SWIFT_EMIT_LOC_STRINGS = YES;
				SWIFT_VERSION = 5.0;
				TARGETED_DEVICE_FAMILY = "1,2";
			};
			name = Release;
		};
		BEC216682A2BAD51001225F9 /* Debug */ = {
			isa = XCBuildConfiguration;
			buildSettings = {
				ALWAYS_EMBED_SWIFT_STANDARD_LIBRARIES = YES;
				BUNDLE_LOADER = "$(TEST_HOST)";
				CODE_SIGN_STYLE = Automatic;
				CURRENT_PROJECT_VERSION = 1;
				GENERATE_INFOPLIST_FILE = YES;
				IPHONEOS_DEPLOYMENT_TARGET = 16.2;
				MARKETING_VERSION = 1.0;
				PRODUCT_BUNDLE_IDENTIFIER = hakan.ButtontestprojectTests;
				PRODUCT_NAME = "$(TARGET_NAME)";
				SWIFT_EMIT_LOC_STRINGS = NO;
				SWIFT_VERSION = 5.0;
				TARGETED_DEVICE_FAMILY = "1,2";
				TEST_HOST = "$(BUILT_PRODUCTS_DIR)/Buttontestproject.app/$(BUNDLE_EXECUTABLE_FOLDER_PATH)/Buttontestproject";
			};
			name = Debug;
		};
		BEC216692A2BAD51001225F9 /* Release */ = {
			isa = XCBuildConfiguration;
			buildSettings = {
				ALWAYS_EMBED_SWIFT_STANDARD_LIBRARIES = YES;
				BUNDLE_LOADER = "$(TEST_HOST)";
				CODE_SIGN_STYLE = Automatic;
				CURRENT_PROJECT_VERSION = 1;
				GENERATE_INFOPLIST_FILE = YES;
				IPHONEOS_DEPLOYMENT_TARGET = 16.2;
				MARKETING_VERSION = 1.0;
				PRODUCT_BUNDLE_IDENTIFIER = hakan.ButtontestprojectTests;
				PRODUCT_NAME = "$(TARGET_NAME)";
				SWIFT_EMIT_LOC_STRINGS = NO;
				SWIFT_VERSION = 5.0;
				TARGETED_DEVICE_FAMILY = "1,2";
				TEST_HOST = "$(BUILT_PRODUCTS_DIR)/Buttontestproject.app/$(BUNDLE_EXECUTABLE_FOLDER_PATH)/Buttontestproject";
			};
			name = Release;
		};
		BEC2166B2A2BAD51001225F9 /* Debug */ = {
			isa = XCBuildConfiguration;
			buildSettings = {
				ALWAYS_EMBED_SWIFT_STANDARD_LIBRARIES = YES;
				CODE_SIGN_STYLE = Automatic;
				CURRENT_PROJECT_VERSION = 1;
				GENERATE_INFOPLIST_FILE = YES;
				MARKETING_VERSION = 1.0;
				PRODUCT_BUNDLE_IDENTIFIER = hakan.ButtontestprojectUITests;
				PRODUCT_NAME = "$(TARGET_NAME)";
				SWIFT_EMIT_LOC_STRINGS = NO;
				SWIFT_VERSION = 5.0;
				TARGETED_DEVICE_FAMILY = "1,2";
				TEST_TARGET_NAME = Buttontestproject;
			};
			name = Debug;
		};
		BEC2166C2A2BAD51001225F9 /* Release */ = {
			isa = XCBuildConfiguration;
			buildSettings = {
				ALWAYS_EMBED_SWIFT_STANDARD_LIBRARIES = YES;
				CODE_SIGN_STYLE = Automatic;
				CURRENT_PROJECT_VERSION = 1;
				GENERATE_INFOPLIST_FILE = YES;
				MARKETING_VERSION = 1.0;
				PRODUCT_BUNDLE_IDENTIFIER = hakan.ButtontestprojectUITests;
				PRODUCT_NAME = "$(TARGET_NAME)";
				SWIFT_EMIT_LOC_STRINGS = NO;
				SWIFT_VERSION = 5.0;
				TARGETED_DEVICE_FAMILY = "1,2";
				TEST_TARGET_NAME = Buttontestproject;
			};
			name = Release;
		};
/* End XCBuildConfiguration section */

/* Begin XCConfigurationList section */
		BEC216352A2BAD4D001225F9 /* Build configuration list for PBXProject "Buttontestproject" */ = {
			isa = XCConfigurationList;
			buildConfigurations = (
				BEC216622A2BAD51001225F9 /* Debug */,
				BEC216632A2BAD51001225F9 /* Release */,
			);
			defaultConfigurationIsVisible = 0;
			defaultConfigurationName = Release;
		};
		BEC216642A2BAD51001225F9 /* Build configuration list for PBXNativeTarget "Buttontestproject" */ = {
			isa = XCConfigurationList;
			buildConfigurations = (
				BEC216652A2BAD51001225F9 /* Debug */,
				BEC216662A2BAD51001225F9 /* Release */,
			);
			defaultConfigurationIsVisible = 0;
			defaultConfigurationName = Release;
		};
		BEC216672A2BAD51001225F9 /* Build configuration list for PBXNativeTarget "ButtontestprojectTests" */ = {
			isa = XCConfigurationList;
			buildConfigurations = (
				BEC216682A2BAD51001225F9 /* Debug */,
				BEC216692A2BAD51001225F9 /* Release */,
			);
			defaultConfigurationIsVisible = 0;
			defaultConfigurationName = Release;
		};
		BEC2166A2A2BAD51001225F9 /* Build configuration list for PBXNativeTarget "ButtontestprojectUITests" */ = {
			isa = XCConfigurationList;
			buildConfigurations = (
				BEC2166B2A2BAD51001225F9 /* Debug */,
				BEC2166C2A2BAD51001225F9 /* Release */,
			);
			defaultConfigurationIsVisible = 0;
			defaultConfigurationName = Release;
		};
/* End XCConfigurationList section */
	};
	rootObject = BEC216322A2BAD4D001225F9 /* Project object */;
}
